// !$*UTF8*$!
{
	archiveVersion = 1;
	classes = {
	};
	objectVersion = 46;
	objects = {

/* Begin PBXBuildFile section */
		632C5B131B31792700737613 /* ChallengeManager.swift in Sources */ = {isa = PBXBuildFile; fileRef = 632C5B121B31792700737613 /* ChallengeManager.swift */; };
		632C5B141B31792700737613 /* ChallengeManager.swift in Sources */ = {isa = PBXBuildFile; fileRef = 632C5B121B31792700737613 /* ChallengeManager.swift */; };
		632C5B161B31793500737613 /* ChallengeProtocol.swift in Sources */ = {isa = PBXBuildFile; fileRef = 632C5B151B31793500737613 /* ChallengeProtocol.swift */; };
		632C5B171B31793500737613 /* ChallengeProtocol.swift in Sources */ = {isa = PBXBuildFile; fileRef = 632C5B151B31793500737613 /* ChallengeProtocol.swift */; };
		635CB57B1B31731100B4255F /* StorageManagerProtocol.swift in Sources */ = {isa = PBXBuildFile; fileRef = 635CB57A1B31731100B4255F /* StorageManagerProtocol.swift */; };
		635CB57C1B31731100B4255F /* StorageManagerProtocol.swift in Sources */ = {isa = PBXBuildFile; fileRef = 635CB57A1B31731100B4255F /* StorageManagerProtocol.swift */; };
		635CB57E1B31731C00B4255F /* StorageManager.swift in Sources */ = {isa = PBXBuildFile; fileRef = 635CB57D1B31731C00B4255F /* StorageManager.swift */; };
		635CB57F1B31731C00B4255F /* StorageManager.swift in Sources */ = {isa = PBXBuildFile; fileRef = 635CB57D1B31731C00B4255F /* StorageManager.swift */; };
		6365B2FB1B32F6D100F265F9 /* Challenge.swift in Sources */ = {isa = PBXBuildFile; fileRef = 6365B2FA1B32F6D100F265F9 /* Challenge.swift */; };
		6365B2FC1B32F6D100F265F9 /* Challenge.swift in Sources */ = {isa = PBXBuildFile; fileRef = 6365B2FA1B32F6D100F265F9 /* Challenge.swift */; };
		6365B2FF1B3303A400F265F9 /* ChallengeViewController.swift in Sources */ = {isa = PBXBuildFile; fileRef = 6365B2FD1B3303A400F265F9 /* ChallengeViewController.swift */; };
		6365B3001B3303A400F265F9 /* ChallengeViewController.swift in Sources */ = {isa = PBXBuildFile; fileRef = 6365B2FD1B3303A400F265F9 /* ChallengeViewController.swift */; };
		6365B3011B3303A400F265F9 /* ChallengeViewController.xib in Resources */ = {isa = PBXBuildFile; fileRef = 6365B2FE1B3303A400F265F9 /* ChallengeViewController.xib */; };
		6365B3021B3303A400F265F9 /* ChallengeViewController.xib in Resources */ = {isa = PBXBuildFile; fileRef = 6365B2FE1B3303A400F265F9 /* ChallengeViewController.xib */; };
		63693D891B2F058800211995 /* AppDelegate.swift in Sources */ = {isa = PBXBuildFile; fileRef = 63693D881B2F058800211995 /* AppDelegate.swift */; };
		63693D901B2F058800211995 /* Main.storyboard in Resources */ = {isa = PBXBuildFile; fileRef = 63693D8E1B2F058800211995 /* Main.storyboard */; };
		63693D921B2F058800211995 /* Images.xcassets in Resources */ = {isa = PBXBuildFile; fileRef = 63693D911B2F058800211995 /* Images.xcassets */; };
		63693D951B2F058800211995 /* LaunchScreen.xib in Resources */ = {isa = PBXBuildFile; fileRef = 63693D931B2F058800211995 /* LaunchScreen.xib */; };
		63693DA11B2F058900211995 /* KickerificTests.swift in Sources */ = {isa = PBXBuildFile; fileRef = 63693DA01B2F058900211995 /* KickerificTests.swift */; };
		63693DAB1B2F068300211995 /* libstdc++.6.dylib in Frameworks */ = {isa = PBXBuildFile; fileRef = 63693DAA1B2F068300211995 /* libstdc++.6.dylib */; };
		63693DAE1B2F06A100211995 /* MobileCoreServices.framework in Frameworks */ = {isa = PBXBuildFile; fileRef = 63693DAD1B2F06A100211995 /* MobileCoreServices.framework */; };
		63693DB01B2F06AF00211995 /* SystemConfiguration.framework in Frameworks */ = {isa = PBXBuildFile; fileRef = 63693DAF1B2F06AF00211995 /* SystemConfiguration.framework */; };
		63693DB21B2F06BD00211995 /* AudioToolbox.framework in Frameworks */ = {isa = PBXBuildFile; fileRef = 63693DB11B2F06BD00211995 /* AudioToolbox.framework */; };
		63693DB91B2F06D100211995 /* Bolts.framework in Frameworks */ = {isa = PBXBuildFile; fileRef = 63693DB31B2F06D100211995 /* Bolts.framework */; };
		63693DBA1B2F06D200211995 /* Parse.framework in Frameworks */ = {isa = PBXBuildFile; fileRef = 63693DB41B2F06D100211995 /* Parse.framework */; };
		63693DBB1B2F06D200211995 /* ParseCrashReporting.framework in Frameworks */ = {isa = PBXBuildFile; fileRef = 63693DB51B2F06D100211995 /* ParseCrashReporting.framework */; };
		63693DBC1B2F06D200211995 /* ParseFacebookUtils.framework in Frameworks */ = {isa = PBXBuildFile; fileRef = 63693DB61B2F06D100211995 /* ParseFacebookUtils.framework */; };
		63693DBD1B2F06D200211995 /* ParseFacebookUtilsV4.framework in Frameworks */ = {isa = PBXBuildFile; fileRef = 63693DB71B2F06D100211995 /* ParseFacebookUtilsV4.framework */; };
		63693DBE1B2F06D200211995 /* ParseUI.framework in Frameworks */ = {isa = PBXBuildFile; fileRef = 63693DB81B2F06D100211995 /* ParseUI.framework */; };
		63693DC01B2F0E4B00211995 /* libsqlite3.dylib in Frameworks */ = {isa = PBXBuildFile; fileRef = 63693DBF1B2F0E4B00211995 /* libsqlite3.dylib */; };
		63693DC31B2F0EF800211995 /* ServiceLocator.swift in Sources */ = {isa = PBXBuildFile; fileRef = 63693DC21B2F0EF800211995 /* ServiceLocator.swift */; };
		63693DC41B2F0EF800211995 /* ServiceLocator.swift in Sources */ = {isa = PBXBuildFile; fileRef = 63693DC21B2F0EF800211995 /* ServiceLocator.swift */; };
		63693DC61B2F10F300211995 /* Bootstrapper.swift in Sources */ = {isa = PBXBuildFile; fileRef = 63693DC51B2F10F300211995 /* Bootstrapper.swift */; };
		63693DC71B2F10F300211995 /* Bootstrapper.swift in Sources */ = {isa = PBXBuildFile; fileRef = 63693DC51B2F10F300211995 /* Bootstrapper.swift */; };
		638338B81B300FBC003199CD /* GameManager.swift in Sources */ = {isa = PBXBuildFile; fileRef = 638338B71B300FBC003199CD /* GameManager.swift */; };
		638338B91B300FBC003199CD /* GameManager.swift in Sources */ = {isa = PBXBuildFile; fileRef = 638338B71B300FBC003199CD /* GameManager.swift */; };
		638338BB1B301156003199CD /* GameManagerProtocol.swift in Sources */ = {isa = PBXBuildFile; fileRef = 638338BA1B301156003199CD /* GameManagerProtocol.swift */; };
		638338BC1B301156003199CD /* GameManagerProtocol.swift in Sources */ = {isa = PBXBuildFile; fileRef = 638338BA1B301156003199CD /* GameManagerProtocol.swift */; };
		638338BE1B3012CB003199CD /* GameSetupTest.swift in Sources */ = {isa = PBXBuildFile; fileRef = 638338BD1B3012CB003199CD /* GameSetupTest.swift */; };
		638338C11B3013E1003199CD /* Player.swift in Sources */ = {isa = PBXBuildFile; fileRef = 638338C01B3013E1003199CD /* Player.swift */; };
		638338C21B3013E1003199CD /* Player.swift in Sources */ = {isa = PBXBuildFile; fileRef = 638338C01B3013E1003199CD /* Player.swift */; };
		638338C41B301D12003199CD /* UserManager.swift in Sources */ = {isa = PBXBuildFile; fileRef = 638338C31B301D12003199CD /* UserManager.swift */; };
		638338C51B301D12003199CD /* UserManager.swift in Sources */ = {isa = PBXBuildFile; fileRef = 638338C31B301D12003199CD /* UserManager.swift */; };
		638338C71B301D2B003199CD /* UserManagerProtocol.swift in Sources */ = {isa = PBXBuildFile; fileRef = 638338C61B301D2B003199CD /* UserManagerProtocol.swift */; };
		638338C81B301D2B003199CD /* UserManagerProtocol.swift in Sources */ = {isa = PBXBuildFile; fileRef = 638338C61B301D2B003199CD /* UserManagerProtocol.swift */; };
		638338CF1B30281B003199CD /* LoginViewController.swift in Sources */ = {isa = PBXBuildFile; fileRef = 638338CE1B30281B003199CD /* LoginViewController.swift */; };
		638338D21B3028A9003199CD /* SignUpViewController.swift in Sources */ = {isa = PBXBuildFile; fileRef = 638338D11B3028A9003199CD /* SignUpViewController.swift */; };
		638338D31B3028A9003199CD /* SignUpViewController.swift in Sources */ = {isa = PBXBuildFile; fileRef = 638338D11B3028A9003199CD /* SignUpViewController.swift */; };
		638338D51B302980003199CD /* Bolts.framework in Frameworks */ = {isa = PBXBuildFile; fileRef = 63693DB31B2F06D100211995 /* Bolts.framework */; };
		638338D61B302983003199CD /* Parse.framework in Frameworks */ = {isa = PBXBuildFile; fileRef = 63693DB41B2F06D100211995 /* Parse.framework */; };
		638338D71B302986003199CD /* ParseCrashReporting.framework in Frameworks */ = {isa = PBXBuildFile; fileRef = 63693DB51B2F06D100211995 /* ParseCrashReporting.framework */; };
		638338D81B302989003199CD /* ParseFacebookUtils.framework in Frameworks */ = {isa = PBXBuildFile; fileRef = 63693DB61B2F06D100211995 /* ParseFacebookUtils.framework */; };
		638338D91B30298C003199CD /* ParseFacebookUtilsV4.framework in Frameworks */ = {isa = PBXBuildFile; fileRef = 63693DB71B2F06D100211995 /* ParseFacebookUtilsV4.framework */; };
		638338DA1B30298F003199CD /* ParseUI.framework in Frameworks */ = {isa = PBXBuildFile; fileRef = 63693DB81B2F06D100211995 /* ParseUI.framework */; };
		638338DC1B30327A003199CD /* TabBarViewController.swift in Sources */ = {isa = PBXBuildFile; fileRef = 638338DB1B30327A003199CD /* TabBarViewController.swift */; };
		638338DE1B305608003199CD /* PlayerTableViewController.swift in Sources */ = {isa = PBXBuildFile; fileRef = 638338DD1B305608003199CD /* PlayerTableViewController.swift */; };
		638338E01B3060D3003199CD /* Match.swift in Sources */ = {isa = PBXBuildFile; fileRef = 638338DF1B3060D3003199CD /* Match.swift */; };
		638338E11B3060D3003199CD /* Match.swift in Sources */ = {isa = PBXBuildFile; fileRef = 638338DF1B3060D3003199CD /* Match.swift */; };
		638338E31B307081003199CD /* UserManagingTests.swift in Sources */ = {isa = PBXBuildFile; fileRef = 638338E21B307081003199CD /* UserManagingTests.swift */; };
		63AD63A91B3999D200F29525 /* MatchViewController.swift in Sources */ = {isa = PBXBuildFile; fileRef = 63AD63A81B3999D200F29525 /* MatchViewController.swift */; };
		63AD63AC1B399D2800F29525 /* MatchTableViewCell.swift in Sources */ = {isa = PBXBuildFile; fileRef = 63AD63AB1B399D2800F29525 /* MatchTableViewCell.swift */; };
		ACD134581B3B526900457C7E /* EditMatchViewController.swift in Sources */ = {isa = PBXBuildFile; fileRef = ACD134571B3B526900457C7E /* EditMatchViewController.swift */; };
		ACD190F71B30D5AF00FC794C /* Team.swift in Sources */ = {isa = PBXBuildFile; fileRef = ACD190F61B30D5AF00FC794C /* Team.swift */; };
		ACD190F81B30D5AF00FC794C /* Team.swift in Sources */ = {isa = PBXBuildFile; fileRef = ACD190F61B30D5AF00FC794C /* Team.swift */; };
		ACF9B4EE1B4C9504002EE450 /* RankingTableViewController.swift in Sources */ = {isa = PBXBuildFile; fileRef = ACF9B4ED1B4C9504002EE450 /* RankingTableViewController.swift */; };
		ACF9B4F01B4C956F002EE450 /* RankingProtocol.swift in Sources */ = {isa = PBXBuildFile; fileRef = ACF9B4EF1B4C956F002EE450 /* RankingProtocol.swift */; };
		ACF9B4F11B4C956F002EE450 /* RankingProtocol.swift in Sources */ = {isa = PBXBuildFile; fileRef = ACF9B4EF1B4C956F002EE450 /* RankingProtocol.swift */; };
		ACF9B4F31B4C957B002EE450 /* RankingManager.swift in Sources */ = {isa = PBXBuildFile; fileRef = ACF9B4F21B4C957B002EE450 /* RankingManager.swift */; };
		ACF9B4F41B4C957B002EE450 /* RankingManager.swift in Sources */ = {isa = PBXBuildFile; fileRef = ACF9B4F21B4C957B002EE450 /* RankingManager.swift */; };
/* End PBXBuildFile section */

/* Begin PBXContainerItemProxy section */
		63693D9B1B2F058900211995 /* PBXContainerItemProxy */ = {
			isa = PBXContainerItemProxy;
			containerPortal = 63693D7B1B2F058800211995 /* Project object */;
			proxyType = 1;
			remoteGlobalIDString = 63693D821B2F058800211995;
			remoteInfo = Kickerific;
		};
/* End PBXContainerItemProxy section */

/* Begin PBXFileReference section */
		632C5B121B31792700737613 /* ChallengeManager.swift */ = {isa = PBXFileReference; fileEncoding = 4; lastKnownFileType = sourcecode.swift; path = ChallengeManager.swift; sourceTree = "<group>"; };
		632C5B151B31793500737613 /* ChallengeProtocol.swift */ = {isa = PBXFileReference; fileEncoding = 4; lastKnownFileType = sourcecode.swift; path = ChallengeProtocol.swift; sourceTree = "<group>"; };
		635CB57A1B31731100B4255F /* StorageManagerProtocol.swift */ = {isa = PBXFileReference; fileEncoding = 4; lastKnownFileType = sourcecode.swift; path = StorageManagerProtocol.swift; sourceTree = "<group>"; };
		635CB57D1B31731C00B4255F /* StorageManager.swift */ = {isa = PBXFileReference; fileEncoding = 4; lastKnownFileType = sourcecode.swift; path = StorageManager.swift; sourceTree = "<group>"; };
		6365B2FA1B32F6D100F265F9 /* Challenge.swift */ = {isa = PBXFileReference; fileEncoding = 4; lastKnownFileType = sourcecode.swift; path = Challenge.swift; sourceTree = "<group>"; };
		6365B2FD1B3303A400F265F9 /* ChallengeViewController.swift */ = {isa = PBXFileReference; fileEncoding = 4; lastKnownFileType = sourcecode.swift; path = ChallengeViewController.swift; sourceTree = "<group>"; };
		6365B2FE1B3303A400F265F9 /* ChallengeViewController.xib */ = {isa = PBXFileReference; fileEncoding = 4; lastKnownFileType = file.xib; path = ChallengeViewController.xib; sourceTree = "<group>"; };
		63693D831B2F058800211995 /* Kickerific.app */ = {isa = PBXFileReference; explicitFileType = wrapper.application; includeInIndex = 0; path = Kickerific.app; sourceTree = BUILT_PRODUCTS_DIR; };
		63693D871B2F058800211995 /* Info.plist */ = {isa = PBXFileReference; lastKnownFileType = text.plist.xml; path = Info.plist; sourceTree = "<group>"; };
		63693D881B2F058800211995 /* AppDelegate.swift */ = {isa = PBXFileReference; lastKnownFileType = sourcecode.swift; path = AppDelegate.swift; sourceTree = "<group>"; };
		63693D8F1B2F058800211995 /* Base */ = {isa = PBXFileReference; lastKnownFileType = file.storyboard; name = Base; path = Base.lproj/Main.storyboard; sourceTree = "<group>"; };
		63693D911B2F058800211995 /* Images.xcassets */ = {isa = PBXFileReference; lastKnownFileType = folder.assetcatalog; path = Images.xcassets; sourceTree = "<group>"; };
		63693D941B2F058800211995 /* Base */ = {isa = PBXFileReference; lastKnownFileType = file.xib; name = Base; path = Base.lproj/LaunchScreen.xib; sourceTree = "<group>"; };
		63693D9A1B2F058900211995 /* KickerificTests.xctest */ = {isa = PBXFileReference; explicitFileType = wrapper.cfbundle; includeInIndex = 0; path = KickerificTests.xctest; sourceTree = BUILT_PRODUCTS_DIR; };
		63693D9F1B2F058900211995 /* Info.plist */ = {isa = PBXFileReference; lastKnownFileType = text.plist.xml; path = Info.plist; sourceTree = "<group>"; };
		63693DA01B2F058900211995 /* KickerificTests.swift */ = {isa = PBXFileReference; lastKnownFileType = sourcecode.swift; path = KickerificTests.swift; sourceTree = "<group>"; };
		63693DAA1B2F068300211995 /* libstdc++.6.dylib */ = {isa = PBXFileReference; lastKnownFileType = "compiled.mach-o.dylib"; name = "libstdc++.6.dylib"; path = "usr/lib/libstdc++.6.dylib"; sourceTree = SDKROOT; };
		63693DAD1B2F06A100211995 /* MobileCoreServices.framework */ = {isa = PBXFileReference; lastKnownFileType = wrapper.framework; name = MobileCoreServices.framework; path = System/Library/Frameworks/MobileCoreServices.framework; sourceTree = SDKROOT; };
		63693DAF1B2F06AF00211995 /* SystemConfiguration.framework */ = {isa = PBXFileReference; lastKnownFileType = wrapper.framework; name = SystemConfiguration.framework; path = System/Library/Frameworks/SystemConfiguration.framework; sourceTree = SDKROOT; };
		63693DB11B2F06BD00211995 /* AudioToolbox.framework */ = {isa = PBXFileReference; lastKnownFileType = wrapper.framework; name = AudioToolbox.framework; path = System/Library/Frameworks/AudioToolbox.framework; sourceTree = SDKROOT; };
		63693DB31B2F06D100211995 /* Bolts.framework */ = {isa = PBXFileReference; lastKnownFileType = wrapper.framework; path = Bolts.framework; sourceTree = "<group>"; };
		63693DB41B2F06D100211995 /* Parse.framework */ = {isa = PBXFileReference; lastKnownFileType = wrapper.framework; path = Parse.framework; sourceTree = "<group>"; };
		63693DB51B2F06D100211995 /* ParseCrashReporting.framework */ = {isa = PBXFileReference; lastKnownFileType = wrapper.framework; path = ParseCrashReporting.framework; sourceTree = "<group>"; };
		63693DB61B2F06D100211995 /* ParseFacebookUtils.framework */ = {isa = PBXFileReference; lastKnownFileType = wrapper.framework; path = ParseFacebookUtils.framework; sourceTree = "<group>"; };
		63693DB71B2F06D100211995 /* ParseFacebookUtilsV4.framework */ = {isa = PBXFileReference; lastKnownFileType = wrapper.framework; path = ParseFacebookUtilsV4.framework; sourceTree = "<group>"; };
		63693DB81B2F06D100211995 /* ParseUI.framework */ = {isa = PBXFileReference; lastKnownFileType = wrapper.framework; path = ParseUI.framework; sourceTree = "<group>"; };
		63693DBF1B2F0E4B00211995 /* libsqlite3.dylib */ = {isa = PBXFileReference; lastKnownFileType = "compiled.mach-o.dylib"; name = libsqlite3.dylib; path = usr/lib/libsqlite3.dylib; sourceTree = SDKROOT; };
		63693DC21B2F0EF800211995 /* ServiceLocator.swift */ = {isa = PBXFileReference; fileEncoding = 4; lastKnownFileType = sourcecode.swift; path = ServiceLocator.swift; sourceTree = "<group>"; };
		63693DC51B2F10F300211995 /* Bootstrapper.swift */ = {isa = PBXFileReference; fileEncoding = 4; lastKnownFileType = sourcecode.swift; path = Bootstrapper.swift; sourceTree = "<group>"; };
		638338B71B300FBC003199CD /* GameManager.swift */ = {isa = PBXFileReference; fileEncoding = 4; lastKnownFileType = sourcecode.swift; path = GameManager.swift; sourceTree = "<group>"; };
		638338BA1B301156003199CD /* GameManagerProtocol.swift */ = {isa = PBXFileReference; fileEncoding = 4; lastKnownFileType = sourcecode.swift; path = GameManagerProtocol.swift; sourceTree = "<group>"; };
		638338BD1B3012CB003199CD /* GameSetupTest.swift */ = {isa = PBXFileReference; fileEncoding = 4; lastKnownFileType = sourcecode.swift; path = GameSetupTest.swift; sourceTree = "<group>"; };
		638338C01B3013E1003199CD /* Player.swift */ = {isa = PBXFileReference; fileEncoding = 4; lastKnownFileType = sourcecode.swift; path = Player.swift; sourceTree = "<group>"; };
		638338C31B301D12003199CD /* UserManager.swift */ = {isa = PBXFileReference; fileEncoding = 4; lastKnownFileType = sourcecode.swift; path = UserManager.swift; sourceTree = "<group>"; };
		638338C61B301D2B003199CD /* UserManagerProtocol.swift */ = {isa = PBXFileReference; fileEncoding = 4; lastKnownFileType = sourcecode.swift; path = UserManagerProtocol.swift; sourceTree = "<group>"; };
		638338C91B3022B0003199CD /* Kickerific-Bridging-Header.h */ = {isa = PBXFileReference; lastKnownFileType = sourcecode.c.h; path = "Kickerific-Bridging-Header.h"; sourceTree = "<group>"; };
		638338CA1B3022B0003199CD /* KickerificTests-Bridging-Header.h */ = {isa = PBXFileReference; lastKnownFileType = sourcecode.c.h; path = "KickerificTests-Bridging-Header.h"; sourceTree = "<group>"; };
		638338CE1B30281B003199CD /* LoginViewController.swift */ = {isa = PBXFileReference; fileEncoding = 4; lastKnownFileType = sourcecode.swift; path = LoginViewController.swift; sourceTree = "<group>"; };
		638338D11B3028A9003199CD /* SignUpViewController.swift */ = {isa = PBXFileReference; fileEncoding = 4; lastKnownFileType = sourcecode.swift; path = SignUpViewController.swift; sourceTree = "<group>"; };
		638338DB1B30327A003199CD /* TabBarViewController.swift */ = {isa = PBXFileReference; fileEncoding = 4; lastKnownFileType = sourcecode.swift; path = TabBarViewController.swift; sourceTree = "<group>"; };
		638338DD1B305608003199CD /* PlayerTableViewController.swift */ = {isa = PBXFileReference; fileEncoding = 4; lastKnownFileType = sourcecode.swift; path = PlayerTableViewController.swift; sourceTree = "<group>"; };
		638338DF1B3060D3003199CD /* Match.swift */ = {isa = PBXFileReference; fileEncoding = 4; lastKnownFileType = sourcecode.swift; path = Match.swift; sourceTree = "<group>"; };
		638338E21B307081003199CD /* UserManagingTests.swift */ = {isa = PBXFileReference; fileEncoding = 4; lastKnownFileType = sourcecode.swift; path = UserManagingTests.swift; sourceTree = "<group>"; };
		63AD63A81B3999D200F29525 /* MatchViewController.swift */ = {isa = PBXFileReference; fileEncoding = 4; lastKnownFileType = sourcecode.swift; path = MatchViewController.swift; sourceTree = "<group>"; };
		63AD63AB1B399D2800F29525 /* MatchTableViewCell.swift */ = {isa = PBXFileReference; fileEncoding = 4; lastKnownFileType = sourcecode.swift; path = MatchTableViewCell.swift; sourceTree = "<group>"; };
		ACD134571B3B526900457C7E /* EditMatchViewController.swift */ = {isa = PBXFileReference; fileEncoding = 4; lastKnownFileType = sourcecode.swift; path = EditMatchViewController.swift; sourceTree = "<group>"; };
		ACD190F61B30D5AF00FC794C /* Team.swift */ = {isa = PBXFileReference; fileEncoding = 4; lastKnownFileType = sourcecode.swift; path = Team.swift; sourceTree = "<group>"; };
		ACF9B4ED1B4C9504002EE450 /* RankingTableViewController.swift */ = {isa = PBXFileReference; fileEncoding = 4; lastKnownFileType = sourcecode.swift; path = RankingTableViewController.swift; sourceTree = "<group>"; };
		ACF9B4EF1B4C956F002EE450 /* RankingProtocol.swift */ = {isa = PBXFileReference; fileEncoding = 4; lastKnownFileType = sourcecode.swift; path = RankingProtocol.swift; sourceTree = "<group>"; };
		ACF9B4F21B4C957B002EE450 /* RankingManager.swift */ = {isa = PBXFileReference; fileEncoding = 4; lastKnownFileType = sourcecode.swift; path = RankingManager.swift; sourceTree = "<group>"; };
/* End PBXFileReference section */

/* Begin PBXFrameworksBuildPhase section */
		63693D801B2F058800211995 /* Frameworks */ = {
			isa = PBXFrameworksBuildPhase;
			buildActionMask = 2147483647;
			files = (
				63693DC01B2F0E4B00211995 /* libsqlite3.dylib in Frameworks */,
				63693DB91B2F06D100211995 /* Bolts.framework in Frameworks */,
				63693DB21B2F06BD00211995 /* AudioToolbox.framework in Frameworks */,
				63693DBE1B2F06D200211995 /* ParseUI.framework in Frameworks */,
				63693DB01B2F06AF00211995 /* SystemConfiguration.framework in Frameworks */,
				63693DAE1B2F06A100211995 /* MobileCoreServices.framework in Frameworks */,
				63693DBA1B2F06D200211995 /* Parse.framework in Frameworks */,
				63693DBD1B2F06D200211995 /* ParseFacebookUtilsV4.framework in Frameworks */,
				63693DBB1B2F06D200211995 /* ParseCrashReporting.framework in Frameworks */,
				63693DBC1B2F06D200211995 /* ParseFacebookUtils.framework in Frameworks */,
				63693DAB1B2F068300211995 /* libstdc++.6.dylib in Frameworks */,
			);
			runOnlyForDeploymentPostprocessing = 0;
		};
		63693D971B2F058900211995 /* Frameworks */ = {
			isa = PBXFrameworksBuildPhase;
			buildActionMask = 2147483647;
			files = (
				638338DA1B30298F003199CD /* ParseUI.framework in Frameworks */,
				638338D61B302983003199CD /* Parse.framework in Frameworks */,
				638338D71B302986003199CD /* ParseCrashReporting.framework in Frameworks */,
				638338D81B302989003199CD /* ParseFacebookUtils.framework in Frameworks */,
				638338D51B302980003199CD /* Bolts.framework in Frameworks */,
				638338D91B30298C003199CD /* ParseFacebookUtilsV4.framework in Frameworks */,
			);
			runOnlyForDeploymentPostprocessing = 0;
		};
/* End PBXFrameworksBuildPhase section */

/* Begin PBXGroup section */
		63693D7A1B2F058800211995 = {
			isa = PBXGroup;
			children = (
				63693DAC1B2F068C00211995 /* Frameworks */,
				63693D851B2F058800211995 /* Kickerific */,
				63693D9D1B2F058900211995 /* KickerificTests */,
				63693D841B2F058800211995 /* Products */,
			);
			sourceTree = "<group>";
		};
		63693D841B2F058800211995 /* Products */ = {
			isa = PBXGroup;
			children = (
				63693D831B2F058800211995 /* Kickerific.app */,
				63693D9A1B2F058900211995 /* KickerificTests.xctest */,
			);
			name = Products;
			sourceTree = "<group>";
		};
		63693D851B2F058800211995 /* Kickerific */ = {
			isa = PBXGroup;
			children = (
				638338D41B3028B2003199CD /* TabViewControllers */,
				638338CE1B30281B003199CD /* LoginViewController.swift */,
				638338D11B3028A9003199CD /* SignUpViewController.swift */,
				638338BF1B3013C8003199CD /* Model */,
				638338B61B300F97003199CD /* Manager */,
				63693DC11B2F0E7900211995 /* BusinessLogic */,
				63693D881B2F058800211995 /* AppDelegate.swift */,
				63693D8E1B2F058800211995 /* Main.storyboard */,
				638338DB1B30327A003199CD /* TabBarViewController.swift */,
				638338C91B3022B0003199CD /* Kickerific-Bridging-Header.h */,
				638338CA1B3022B0003199CD /* KickerificTests-Bridging-Header.h */,
				63693D911B2F058800211995 /* Images.xcassets */,
				63693D931B2F058800211995 /* LaunchScreen.xib */,
				63693D861B2F058800211995 /* Supporting Files */,
			);
			path = Kickerific;
			sourceTree = "<group>";
		};
		63693D861B2F058800211995 /* Supporting Files */ = {
			isa = PBXGroup;
			children = (
				63693D871B2F058800211995 /* Info.plist */,
			);
			name = "Supporting Files";
			sourceTree = "<group>";
		};
		63693D9D1B2F058900211995 /* KickerificTests */ = {
			isa = PBXGroup;
			children = (
				63693DA01B2F058900211995 /* KickerificTests.swift */,
				638338BD1B3012CB003199CD /* GameSetupTest.swift */,
				638338E21B307081003199CD /* UserManagingTests.swift */,
				63693D9E1B2F058900211995 /* Supporting Files */,
			);
			path = KickerificTests;
			sourceTree = "<group>";
		};
		63693D9E1B2F058900211995 /* Supporting Files */ = {
			isa = PBXGroup;
			children = (
				63693D9F1B2F058900211995 /* Info.plist */,
			);
			name = "Supporting Files";
			sourceTree = "<group>";
		};
		63693DAC1B2F068C00211995 /* Frameworks */ = {
			isa = PBXGroup;
			children = (
				63693DBF1B2F0E4B00211995 /* libsqlite3.dylib */,
				63693DB31B2F06D100211995 /* Bolts.framework */,
				63693DB41B2F06D100211995 /* Parse.framework */,
				63693DB51B2F06D100211995 /* ParseCrashReporting.framework */,
				63693DB61B2F06D100211995 /* ParseFacebookUtils.framework */,
				63693DB71B2F06D100211995 /* ParseFacebookUtilsV4.framework */,
				63693DB81B2F06D100211995 /* ParseUI.framework */,
				63693DB11B2F06BD00211995 /* AudioToolbox.framework */,
				63693DAF1B2F06AF00211995 /* SystemConfiguration.framework */,
				63693DAD1B2F06A100211995 /* MobileCoreServices.framework */,
				63693DAA1B2F068300211995 /* libstdc++.6.dylib */,
			);
			name = Frameworks;
			sourceTree = "<group>";
		};
		63693DC11B2F0E7900211995 /* BusinessLogic */ = {
			isa = PBXGroup;
			children = (
				63693DC21B2F0EF800211995 /* ServiceLocator.swift */,
				63693DC51B2F10F300211995 /* Bootstrapper.swift */,
			);
			name = BusinessLogic;
			sourceTree = "<group>";
		};
		638338B61B300F97003199CD /* Manager */ = {
			isa = PBXGroup;
			children = (
				638338B71B300FBC003199CD /* GameManager.swift */,
				638338BA1B301156003199CD /* GameManagerProtocol.swift */,
				638338C31B301D12003199CD /* UserManager.swift */,
				638338C61B301D2B003199CD /* UserManagerProtocol.swift */,
				635CB57A1B31731100B4255F /* StorageManagerProtocol.swift */,
				635CB57D1B31731C00B4255F /* StorageManager.swift */,
				632C5B121B31792700737613 /* ChallengeManager.swift */,
				632C5B151B31793500737613 /* ChallengeProtocol.swift */,
				ACF9B4EF1B4C956F002EE450 /* RankingProtocol.swift */,
				ACF9B4F21B4C957B002EE450 /* RankingManager.swift */,
			);
			name = Manager;
			sourceTree = "<group>";
		};
		638338BF1B3013C8003199CD /* Model */ = {
			isa = PBXGroup;
			children = (
				638338DF1B3060D3003199CD /* Match.swift */,
				638338C01B3013E1003199CD /* Player.swift */,
				ACD190F61B30D5AF00FC794C /* Team.swift */,
				6365B2FA1B32F6D100F265F9 /* Challenge.swift */,
			);
			name = Model;
			sourceTree = "<group>";
		};
		638338D41B3028B2003199CD /* TabViewControllers */ = {
			isa = PBXGroup;
			children = (
				63AD63AA1B399CEE00F29525 /* CustomViews */,
				6365B2FD1B3303A400F265F9 /* ChallengeViewController.swift */,
				6365B2FE1B3303A400F265F9 /* ChallengeViewController.xib */,
				638338DD1B305608003199CD /* PlayerTableViewController.swift */,
				63AD63A81B3999D200F29525 /* MatchViewController.swift */,
				ACD134571B3B526900457C7E /* EditMatchViewController.swift */,
				ACF9B4ED1B4C9504002EE450 /* RankingTableViewController.swift */,
			);
			name = TabViewControllers;
			sourceTree = "<group>";
		};
		63AD63AA1B399CEE00F29525 /* CustomViews */ = {
			isa = PBXGroup;
			children = (
				63AD63AB1B399D2800F29525 /* MatchTableViewCell.swift */,
			);
			name = CustomViews;
			sourceTree = "<group>";
		};
/* End PBXGroup section */

/* Begin PBXNativeTarget section */
		63693D821B2F058800211995 /* Kickerific */ = {
			isa = PBXNativeTarget;
			buildConfigurationList = 63693DA41B2F058900211995 /* Build configuration list for PBXNativeTarget "Kickerific" */;
			buildPhases = (
				63693D7F1B2F058800211995 /* Sources */,
				63693D801B2F058800211995 /* Frameworks */,
				63693D811B2F058800211995 /* Resources */,
			);
			buildRules = (
			);
			dependencies = (
			);
			name = Kickerific;
			productName = Kickerific;
			productReference = 63693D831B2F058800211995 /* Kickerific.app */;
			productType = "com.apple.product-type.application";
		};
		63693D991B2F058900211995 /* KickerificTests */ = {
			isa = PBXNativeTarget;
			buildConfigurationList = 63693DA71B2F058900211995 /* Build configuration list for PBXNativeTarget "KickerificTests" */;
			buildPhases = (
				63693D961B2F058900211995 /* Sources */,
				63693D971B2F058900211995 /* Frameworks */,
				63693D981B2F058900211995 /* Resources */,
			);
			buildRules = (
			);
			dependencies = (
				63693D9C1B2F058900211995 /* PBXTargetDependency */,
			);
			name = KickerificTests;
			productName = KickerificTests;
			productReference = 63693D9A1B2F058900211995 /* KickerificTests.xctest */;
			productType = "com.apple.product-type.bundle.unit-test";
		};
/* End PBXNativeTarget section */

/* Begin PBXProject section */
		63693D7B1B2F058800211995 /* Project object */ = {
			isa = PBXProject;
			attributes = {
				LastUpgradeCheck = 0630;
				ORGANIZATIONNAME = mantro.net;
				TargetAttributes = {
					63693D821B2F058800211995 = {
						CreatedOnToolsVersion = 6.3.2;
						DevelopmentTeam = 9368FVRTC3;
					};
					63693D991B2F058900211995 = {
						CreatedOnToolsVersion = 6.3.2;
						TestTargetID = 63693D821B2F058800211995;
					};
				};
			};
			buildConfigurationList = 63693D7E1B2F058800211995 /* Build configuration list for PBXProject "Kickerific" */;
			compatibilityVersion = "Xcode 3.2";
			developmentRegion = English;
			hasScannedForEncodings = 0;
			knownRegions = (
				en,
				Base,
			);
			mainGroup = 63693D7A1B2F058800211995;
			productRefGroup = 63693D841B2F058800211995 /* Products */;
			projectDirPath = "";
			projectRoot = "";
			targets = (
				63693D821B2F058800211995 /* Kickerific */,
				63693D991B2F058900211995 /* KickerificTests */,
			);
		};
/* End PBXProject section */

/* Begin PBXResourcesBuildPhase section */
		63693D811B2F058800211995 /* Resources */ = {
			isa = PBXResourcesBuildPhase;
			buildActionMask = 2147483647;
			files = (
				63693D901B2F058800211995 /* Main.storyboard in Resources */,
				63693D951B2F058800211995 /* LaunchScreen.xib in Resources */,
				6365B3011B3303A400F265F9 /* ChallengeViewController.xib in Resources */,
				63693D921B2F058800211995 /* Images.xcassets in Resources */,
			);
			runOnlyForDeploymentPostprocessing = 0;
		};
		63693D981B2F058900211995 /* Resources */ = {
			isa = PBXResourcesBuildPhase;
			buildActionMask = 2147483647;
			files = (
				6365B3021B3303A400F265F9 /* ChallengeViewController.xib in Resources */,
			);
			runOnlyForDeploymentPostprocessing = 0;
		};
/* End PBXResourcesBuildPhase section */

/* Begin PBXSourcesBuildPhase section */
		63693D7F1B2F058800211995 /* Sources */ = {
			isa = PBXSourcesBuildPhase;
			buildActionMask = 2147483647;
			files = (
				638338CF1B30281B003199CD /* LoginViewController.swift in Sources */,
				638338C41B301D12003199CD /* UserManager.swift in Sources */,
				ACF9B4F01B4C956F002EE450 /* RankingProtocol.swift in Sources */,
				638338E01B3060D3003199CD /* Match.swift in Sources */,
				63693DC31B2F0EF800211995 /* ServiceLocator.swift in Sources */,
				63AD63A91B3999D200F29525 /* MatchViewController.swift in Sources */,
				638338DC1B30327A003199CD /* TabBarViewController.swift in Sources */,
				638338DE1B305608003199CD /* PlayerTableViewController.swift in Sources */,
				638338B81B300FBC003199CD /* GameManager.swift in Sources */,
				ACD190F71B30D5AF00FC794C /* Team.swift in Sources */,
				635CB57E1B31731C00B4255F /* StorageManager.swift in Sources */,
				638338C71B301D2B003199CD /* UserManagerProtocol.swift in Sources */,
				638338BB1B301156003199CD /* GameManagerProtocol.swift in Sources */,
				638338C11B3013E1003199CD /* Player.swift in Sources */,
				6365B2FF1B3303A400F265F9 /* ChallengeViewController.swift in Sources */,
				63693DC61B2F10F300211995 /* Bootstrapper.swift in Sources */,
				ACF9B4F31B4C957B002EE450 /* RankingManager.swift in Sources */,
				6365B2FB1B32F6D100F265F9 /* Challenge.swift in Sources */,
				ACF9B4EE1B4C9504002EE450 /* RankingTableViewController.swift in Sources */,
				632C5B131B31792700737613 /* ChallengeManager.swift in Sources */,
				63693D891B2F058800211995 /* AppDelegate.swift in Sources */,
				63AD63AC1B399D2800F29525 /* MatchTableViewCell.swift in Sources */,
				ACD134581B3B526900457C7E /* EditMatchViewController.swift in Sources */,
				632C5B161B31793500737613 /* ChallengeProtocol.swift in Sources */,
				638338D21B3028A9003199CD /* SignUpViewController.swift in Sources */,
				635CB57B1B31731100B4255F /* StorageManagerProtocol.swift in Sources */,
			);
			runOnlyForDeploymentPostprocessing = 0;
		};
		63693D961B2F058900211995 /* Sources */ = {
			isa = PBXSourcesBuildPhase;
			buildActionMask = 2147483647;
			files = (
				6365B2FC1B32F6D100F265F9 /* Challenge.swift in Sources */,
				63693DC71B2F10F300211995 /* Bootstrapper.swift in Sources */,
				632C5B141B31792700737613 /* ChallengeManager.swift in Sources */,
				638338C81B301D2B003199CD /* UserManagerProtocol.swift in Sources */,
				ACD190F81B30D5AF00FC794C /* Team.swift in Sources */,
				638338B91B300FBC003199CD /* GameManager.swift in Sources */,
				ACF9B4F41B4C957B002EE450 /* RankingManager.swift in Sources */,
				6365B3001B3303A400F265F9 /* ChallengeViewController.swift in Sources */,
				638338BC1B301156003199CD /* GameManagerProtocol.swift in Sources */,
				638338BE1B3012CB003199CD /* GameSetupTest.swift in Sources */,
				638338E31B307081003199CD /* UserManagingTests.swift in Sources */,
				635CB57C1B31731100B4255F /* StorageManagerProtocol.swift in Sources */,
				638338D31B3028A9003199CD /* SignUpViewController.swift in Sources */,
				ACF9B4F11B4C956F002EE450 /* RankingProtocol.swift in Sources */,
				638338C21B3013E1003199CD /* Player.swift in Sources */,
				63693DC41B2F0EF800211995 /* ServiceLocator.swift in Sources */,
				638338C51B301D12003199CD /* UserManager.swift in Sources */,
				63693DA11B2F058900211995 /* KickerificTests.swift in Sources */,
				638338E11B3060D3003199CD /* Match.swift in Sources */,
				635CB57F1B31731C00B4255F /* StorageManager.swift in Sources */,
				632C5B171B31793500737613 /* ChallengeProtocol.swift in Sources */,
			);
			runOnlyForDeploymentPostprocessing = 0;
		};
/* End PBXSourcesBuildPhase section */

/* Begin PBXTargetDependency section */
		63693D9C1B2F058900211995 /* PBXTargetDependency */ = {
			isa = PBXTargetDependency;
			target = 63693D821B2F058800211995 /* Kickerific */;
			targetProxy = 63693D9B1B2F058900211995 /* PBXContainerItemProxy */;
		};
/* End PBXTargetDependency section */

/* Begin PBXVariantGroup section */
		63693D8E1B2F058800211995 /* Main.storyboard */ = {
			isa = PBXVariantGroup;
			children = (
				63693D8F1B2F058800211995 /* Base */,
			);
			name = Main.storyboard;
			sourceTree = "<group>";
		};
		63693D931B2F058800211995 /* LaunchScreen.xib */ = {
			isa = PBXVariantGroup;
			children = (
				63693D941B2F058800211995 /* Base */,
			);
			name = LaunchScreen.xib;
			sourceTree = "<group>";
		};
/* End PBXVariantGroup section */

/* Begin XCBuildConfiguration section */
		63693DA21B2F058900211995 /* Debug */ = {
			isa = XCBuildConfiguration;
			buildSettings = {
				ALWAYS_SEARCH_USER_PATHS = NO;
				CLANG_CXX_LANGUAGE_STANDARD = "gnu++0x";
				CLANG_CXX_LIBRARY = "libc++";
				CLANG_ENABLE_MODULES = YES;
				CLANG_ENABLE_OBJC_ARC = YES;
				CLANG_WARN_BOOL_CONVERSION = YES;
				CLANG_WARN_CONSTANT_CONVERSION = YES;
				CLANG_WARN_DIRECT_OBJC_ISA_USAGE = YES_ERROR;
				CLANG_WARN_EMPTY_BODY = YES;
				CLANG_WARN_ENUM_CONVERSION = YES;
				CLANG_WARN_INT_CONVERSION = YES;
				CLANG_WARN_OBJC_ROOT_CLASS = YES_ERROR;
				CLANG_WARN_UNREACHABLE_CODE = YES;
				CLANG_WARN__DUPLICATE_METHOD_MATCH = YES;
				"CODE_SIGN_IDENTITY[sdk=iphoneos*]" = "iPhone Developer";
				COPY_PHASE_STRIP = NO;
				DEBUG_INFORMATION_FORMAT = "dwarf-with-dsym";
				ENABLE_STRICT_OBJC_MSGSEND = YES;
				GCC_C_LANGUAGE_STANDARD = gnu99;
				GCC_DYNAMIC_NO_PIC = NO;
				GCC_NO_COMMON_BLOCKS = YES;
				GCC_OPTIMIZATION_LEVEL = 0;
				GCC_PREPROCESSOR_DEFINITIONS = (
					"DEBUG=1",
					"$(inherited)",
				);
				GCC_SYMBOLS_PRIVATE_EXTERN = NO;
				GCC_WARN_64_TO_32_BIT_CONVERSION = YES;
				GCC_WARN_ABOUT_RETURN_TYPE = YES_ERROR;
				GCC_WARN_UNDECLARED_SELECTOR = YES;
				GCC_WARN_UNINITIALIZED_AUTOS = YES_AGGRESSIVE;
				GCC_WARN_UNUSED_FUNCTION = YES;
				GCC_WARN_UNUSED_VARIABLE = YES;
				IPHONEOS_DEPLOYMENT_TARGET = 8.3;
				MTL_ENABLE_DEBUG_INFO = YES;
				ONLY_ACTIVE_ARCH = YES;
				SDKROOT = iphoneos;
				SWIFT_OPTIMIZATION_LEVEL = "-Onone";
				TARGETED_DEVICE_FAMILY = "1,2";
			};
			name = Debug;
		};
		63693DA31B2F058900211995 /* Release */ = {
			isa = XCBuildConfiguration;
			buildSettings = {
				ALWAYS_SEARCH_USER_PATHS = NO;
				CLANG_CXX_LANGUAGE_STANDARD = "gnu++0x";
				CLANG_CXX_LIBRARY = "libc++";
				CLANG_ENABLE_MODULES = YES;
				CLANG_ENABLE_OBJC_ARC = YES;
				CLANG_WARN_BOOL_CONVERSION = YES;
				CLANG_WARN_CONSTANT_CONVERSION = YES;
				CLANG_WARN_DIRECT_OBJC_ISA_USAGE = YES_ERROR;
				CLANG_WARN_EMPTY_BODY = YES;
				CLANG_WARN_ENUM_CONVERSION = YES;
				CLANG_WARN_INT_CONVERSION = YES;
				CLANG_WARN_OBJC_ROOT_CLASS = YES_ERROR;
				CLANG_WARN_UNREACHABLE_CODE = YES;
				CLANG_WARN__DUPLICATE_METHOD_MATCH = YES;
				"CODE_SIGN_IDENTITY[sdk=iphoneos*]" = "iPhone Developer";
				COPY_PHASE_STRIP = NO;
				DEBUG_INFORMATION_FORMAT = "dwarf-with-dsym";
				ENABLE_NS_ASSERTIONS = NO;
				ENABLE_STRICT_OBJC_MSGSEND = YES;
				GCC_C_LANGUAGE_STANDARD = gnu99;
				GCC_NO_COMMON_BLOCKS = YES;
				GCC_WARN_64_TO_32_BIT_CONVERSION = YES;
				GCC_WARN_ABOUT_RETURN_TYPE = YES_ERROR;
				GCC_WARN_UNDECLARED_SELECTOR = YES;
				GCC_WARN_UNINITIALIZED_AUTOS = YES_AGGRESSIVE;
				GCC_WARN_UNUSED_FUNCTION = YES;
				GCC_WARN_UNUSED_VARIABLE = YES;
				IPHONEOS_DEPLOYMENT_TARGET = 8.3;
				MTL_ENABLE_DEBUG_INFO = NO;
				SDKROOT = iphoneos;
				TARGETED_DEVICE_FAMILY = "1,2";
				VALIDATE_PRODUCT = YES;
			};
			name = Release;
		};
		63693DA51B2F058900211995 /* Debug */ = {
			isa = XCBuildConfiguration;
			buildSettings = {
				ASSETCATALOG_COMPILER_APPICON_NAME = AppIcon;
				CLANG_ENABLE_MODULES = YES;
				CODE_SIGN_IDENTITY = "iPhone Developer";
				"CODE_SIGN_IDENTITY[sdk=iphoneos*]" = "iPhone Developer";
				FRAMEWORK_SEARCH_PATHS = (
					"$(inherited)",
					"$(PROJECT_DIR)",
				);
				INFOPLIST_FILE = Kickerific/Info.plist;
				LD_RUNPATH_SEARCH_PATHS = "$(inherited) @executable_path/Frameworks";
				PRODUCT_NAME = "$(TARGET_NAME)";
				PROVISIONING_PROFILE = "";
				SWIFT_OBJC_BRIDGING_HEADER = "Kickerific/Kickerific-Bridging-Header.h";
				SWIFT_OPTIMIZATION_LEVEL = "-Onone";
			};
			name = Debug;
		};
		63693DA61B2F058900211995 /* Release */ = {
			isa = XCBuildConfiguration;
			buildSettings = {
				ASSETCATALOG_COMPILER_APPICON_NAME = AppIcon;
				CLANG_ENABLE_MODULES = YES;
				CODE_SIGN_IDENTITY = "iPhone Developer";
				"CODE_SIGN_IDENTITY[sdk=iphoneos*]" = "iPhone Developer";
				FRAMEWORK_SEARCH_PATHS = (
					"$(inherited)",
					"$(PROJECT_DIR)",
				);
				INFOPLIST_FILE = Kickerific/Info.plist;
				LD_RUNPATH_SEARCH_PATHS = "$(inherited) @executable_path/Frameworks";
				PRODUCT_NAME = "$(TARGET_NAME)";
				PROVISIONING_PROFILE = "";
				SWIFT_OBJC_BRIDGING_HEADER = "Kickerific/Kickerific-Bridging-Header.h";
			};
			name = Release;
		};
		63693DA81B2F058900211995 /* Debug */ = {
			isa = XCBuildConfiguration;
			buildSettings = {
				BUNDLE_LOADER = "$(TEST_HOST)";
				CLANG_ENABLE_MODULES = YES;
				FRAMEWORK_SEARCH_PATHS = (
					"$(SDKROOT)/Developer/Library/Frameworks",
					"$(inherited)",
					"$(PROJECT_DIR)",
				);
				GCC_PREPROCESSOR_DEFINITIONS = (
					"DEBUG=1",
					"$(inherited)",
				);
				INFOPLIST_FILE = KickerificTests/Info.plist;
				LD_RUNPATH_SEARCH_PATHS = "$(inherited) @executable_path/Frameworks @loader_path/Frameworks";
				PRODUCT_NAME = "$(TARGET_NAME)";
				SWIFT_OBJC_BRIDGING_HEADER = "Kickerific/KickerificTests-Bridging-Header.h";
				SWIFT_OPTIMIZATION_LEVEL = "-Onone";
				TEST_HOST = "$(BUILT_PRODUCTS_DIR)/Kickerific.app/Kickerific";
			};
			name = Debug;
		};
		63693DA91B2F058900211995 /* Release */ = {
			isa = XCBuildConfiguration;
			buildSettings = {
				BUNDLE_LOADER = "$(TEST_HOST)";
				CLANG_ENABLE_MODULES = YES;
				FRAMEWORK_SEARCH_PATHS = (
					"$(SDKROOT)/Developer/Library/Frameworks",
					"$(inherited)",
					"$(PROJECT_DIR)",
				);
				INFOPLIST_FILE = KickerificTests/Info.plist;
				LD_RUNPATH_SEARCH_PATHS = "$(inherited) @executable_path/Frameworks @loader_path/Frameworks";
				PRODUCT_NAME = "$(TARGET_NAME)";
				SWIFT_OBJC_BRIDGING_HEADER = "Kickerific/KickerificTests-Bridging-Header.h";
				TEST_HOST = "$(BUILT_PRODUCTS_DIR)/Kickerific.app/Kickerific";
			};
			name = Release;
		};
/* End XCBuildConfiguration section */

/* Begin XCConfigurationList section */
		63693D7E1B2F058800211995 /* Build configuration list for PBXProject "Kickerific" */ = {
			isa = XCConfigurationList;
			buildConfigurations = (
				63693DA21B2F058900211995 /* Debug */,
				63693DA31B2F058900211995 /* Release */,
			);
			defaultConfigurationIsVisible = 0;
			defaultConfigurationName = Release;
		};
		63693DA41B2F058900211995 /* Build configuration list for PBXNativeTarget "Kickerific" */ = {
			isa = XCConfigurationList;
			buildConfigurations = (
				63693DA51B2F058900211995 /* Debug */,
				63693DA61B2F058900211995 /* Release */,
			);
			defaultConfigurationIsVisible = 0;
			defaultConfigurationName = Release;
		};
		63693DA71B2F058900211995 /* Build configuration list for PBXNativeTarget "KickerificTests" */ = {
			isa = XCConfigurationList;
			buildConfigurations = (
				63693DA81B2F058900211995 /* Debug */,
				63693DA91B2F058900211995 /* Release */,
			);
			defaultConfigurationIsVisible = 0;
			defaultConfigurationName = Release;
		};
/* End XCConfigurationList section */
	};
	rootObject = 63693D7B1B2F058800211995 /* Project object */;
}
